
Microsoft Visual Studio Solution File, Format Version 12.00
# Visual Studio 15
VisualStudioVersion = 15.0.26430.16
MinimumVisualStudioVersion = 10.0.40219.1
Project("{888888A0-9F3D-457C-B088-3A5042F75D52}") = "ProjektA_PythonApp", "ProjektA_PythonApp\ProjektA_PythonApp.pyproj", "{55C7598B-3F39-4724-9F3B-78EBA1710039}"
EndProject
Global
	GlobalSection(SolutionConfigurationPlatforms) = preSolution
		Debug|Any CPU = Debug|Any CPU
		Release|Any CPU = Release|Any CPU
	EndGlobalSection
	GlobalSection(ProjectConfigurationPlatforms) = postSolution
		{55C7598B-3F39-4724-9F3B-78EBA1710039}.Debug|Any CPU.ActiveCfg = Debug|Any CPU
		{55C7598B-3F39-4724-9F3B-78EBA1710039}.Release|Any CPU.ActiveCfg = Release|Any CPU
	EndGlobalSection
	GlobalSection(SolutionProperties) = preSolution
		HideSolutionNode = FALSE
	EndGlobalSection
EndGlobal
